// !$*UTF8*$!
{
	archiveVersion = 1;
	classes = {
	};
	objectVersion = 46;
	objects = {

/* Begin PBXAggregateTarget section */
		50B187D42074A4D600109ABE /* docText */ = {
			isa = PBXAggregateTarget;
			buildConfigurationList = 50B187D52074A4D600109ABE /* Build configuration list for PBXAggregateTarget "docText" */;
			buildPhases = (
				50B187D82074A4DD00109ABE /* ShellScript */,
			);
			dependencies = (
			);
			name = docText;
			productName = docText;
		};
/* End PBXAggregateTarget section */

/* Begin PBXBuildFile section */
		3897DB941DA89A6800C865C6 /* main.m in Sources */ = {isa = PBXBuildFile; fileRef = 3897DB931DA89A6800C865C6 /* main.m */; };
		3897DB971DA89A6800C865C6 /* AppDelegate.m in Sources */ = {isa = PBXBuildFile; fileRef = 3897DB961DA89A6800C865C6 /* AppDelegate.m */; };
		3897DB9A1DA89A6800C865C6 /* ViewController.m in Sources */ = {isa = PBXBuildFile; fileRef = 3897DB991DA89A6800C865C6 /* ViewController.m */; };
		3897DB9D1DA89A6800C865C6 /* Main.storyboard in Resources */ = {isa = PBXBuildFile; fileRef = 3897DB9B1DA89A6800C865C6 /* Main.storyboard */; };
		3897DB9F1DA89A6800C865C6 /* Assets.xcassets in Resources */ = {isa = PBXBuildFile; fileRef = 3897DB9E1DA89A6800C865C6 /* Assets.xcassets */; };
		3897DBA21DA89A6800C865C6 /* LaunchScreen.storyboard in Resources */ = {isa = PBXBuildFile; fileRef = 3897DBA01DA89A6800C865C6 /* LaunchScreen.storyboard */; };
		3897DBAB1DA89AA700C865C6 /* PieView.m in Sources */ = {isa = PBXBuildFile; fileRef = 3897DBAA1DA89AA700C865C6 /* PieView.m */; };
/* End PBXBuildFile section */

/* Begin PBXCopyFilesBuildPhase section */
		50B187D220749A3400109ABE /* Embed App Extensions */ = {
			isa = PBXCopyFilesBuildPhase;
			buildActionMask = 2147483647;
			dstPath = "";
			dstSubfolderSpec = 13;
			files = (
			);
			name = "Embed App Extensions";
			runOnlyForDeploymentPostprocessing = 0;
		};
/* End PBXCopyFilesBuildPhase section */

/* Begin PBXFileReference section */
		3897DB8F1DA89A6800C865C6 /* DrowRect-OC.app */ = {isa = PBXFileReference; explicitFileType = wrapper.application; includeInIndex = 0; path = "DrowRect-OC.app"; sourceTree = BUILT_PRODUCTS_DIR; };
		3897DB931DA89A6800C865C6 /* main.m */ = {isa = PBXFileReference; lastKnownFileType = sourcecode.c.objc; path = main.m; sourceTree = "<group>"; };
		3897DB951DA89A6800C865C6 /* AppDelegate.h */ = {isa = PBXFileReference; lastKnownFileType = sourcecode.c.h; path = AppDelegate.h; sourceTree = "<group>"; };
		3897DB961DA89A6800C865C6 /* AppDelegate.m */ = {isa = PBXFileReference; lastKnownFileType = sourcecode.c.objc; path = AppDelegate.m; sourceTree = "<group>"; };
		3897DB981DA89A6800C865C6 /* ViewController.h */ = {isa = PBXFileReference; lastKnownFileType = sourcecode.c.h; path = ViewController.h; sourceTree = "<group>"; };
		3897DB991DA89A6800C865C6 /* ViewController.m */ = {isa = PBXFileReference; lastKnownFileType = sourcecode.c.objc; path = ViewController.m; sourceTree = "<group>"; };
		3897DB9C1DA89A6800C865C6 /* Base */ = {isa = PBXFileReference; lastKnownFileType = file.storyboard; name = Base; path = Base.lproj/Main.storyboard; sourceTree = "<group>"; };
		3897DB9E1DA89A6800C865C6 /* Assets.xcassets */ = {isa = PBXFileReference; lastKnownFileType = folder.assetcatalog; path = Assets.xcassets; sourceTree = "<group>"; };
		3897DBA11DA89A6800C865C6 /* Base */ = {isa = PBXFileReference; lastKnownFileType = file.storyboard; name = Base; path = Base.lproj/LaunchScreen.storyboard; sourceTree = "<group>"; };
		3897DBA31DA89A6800C865C6 /* Info.plist */ = {isa = PBXFileReference; lastKnownFileType = text.plist.xml; path = Info.plist; sourceTree = "<group>"; };
		3897DBA91DA89AA700C865C6 /* PieView.h */ = {isa = PBXFileReference; fileEncoding = 4; lastKnownFileType = sourcecode.c.h; path = PieView.h; sourceTree = "<group>"; };
		3897DBAA1DA89AA700C865C6 /* PieView.m */ = {isa = PBXFileReference; fileEncoding = 4; lastKnownFileType = sourcecode.c.objc; path = PieView.m; sourceTree = "<group>"; };
		50B187C520749A3400109ABE /* ActionViewController.h */ = {isa = PBXFileReference; lastKnownFileType = sourcecode.c.h; path = ActionViewController.h; sourceTree = "<group>"; };
		50B187C620749A3400109ABE /* ActionViewController.m */ = {isa = PBXFileReference; lastKnownFileType = sourcecode.c.objc; path = ActionViewController.m; sourceTree = "<group>"; };
		50B187C920749A3400109ABE /* Base */ = {isa = PBXFileReference; lastKnownFileType = file.storyboard; name = Base; path = Base.lproj/MainInterface.storyboard; sourceTree = "<group>"; };
		50B187CB20749A3400109ABE /* Info.plist */ = {isa = PBXFileReference; lastKnownFileType = text.plist.xml; path = Info.plist; sourceTree = "<group>"; };
/* End PBXFileReference section */

/* Begin PBXFrameworksBuildPhase section */
		3897DB8C1DA89A6800C865C6 /* Frameworks */ = {
			isa = PBXFrameworksBuildPhase;
			buildActionMask = 2147483647;
			files = (
			);
			runOnlyForDeploymentPostprocessing = 0;
		};
/* End PBXFrameworksBuildPhase section */

/* Begin PBXGroup section */
		3897DB861DA89A6800C865C6 = {
			isa = PBXGroup;
			children = (
				3897DB911DA89A6800C865C6 /* DrowRect-OC */,
				50B187C420749A3400109ABE /* appText */,
				3897DB901DA89A6800C865C6 /* Products */,
			);
			sourceTree = "<group>";
		};
		3897DB901DA89A6800C865C6 /* Products */ = {
			isa = PBXGroup;
			children = (
				3897DB8F1DA89A6800C865C6 /* DrowRect-OC.app */,
			);
			name = Products;
			sourceTree = "<group>";
		};
		3897DB911DA89A6800C865C6 /* DrowRect-OC */ = {
			isa = PBXGroup;
			children = (
				3897DB951DA89A6800C865C6 /* AppDelegate.h */,
				3897DB961DA89A6800C865C6 /* AppDelegate.m */,
				3897DB981DA89A6800C865C6 /* ViewController.h */,
				3897DB991DA89A6800C865C6 /* ViewController.m */,
				3897DBA91DA89AA700C865C6 /* PieView.h */,
				3897DBAA1DA89AA700C865C6 /* PieView.m */,
				3897DB9B1DA89A6800C865C6 /* Main.storyboard */,
				3897DB9E1DA89A6800C865C6 /* Assets.xcassets */,
				3897DBA01DA89A6800C865C6 /* LaunchScreen.storyboard */,
				3897DBA31DA89A6800C865C6 /* Info.plist */,
				3897DB921DA89A6800C865C6 /* Supporting Files */,
			);
			path = "DrowRect-OC";
			sourceTree = "<group>";
		};
		3897DB921DA89A6800C865C6 /* Supporting Files */ = {
			isa = PBXGroup;
			children = (
				3897DB931DA89A6800C865C6 /* main.m */,
			);
			name = "Supporting Files";
			sourceTree = "<group>";
		};
		50B187C420749A3400109ABE /* appText */ = {
			isa = PBXGroup;
			children = (
				50B187C520749A3400109ABE /* ActionViewController.h */,
				50B187C620749A3400109ABE /* ActionViewController.m */,
				50B187C820749A3400109ABE /* MainInterface.storyboard */,
				50B187CB20749A3400109ABE /* Info.plist */,
			);
			path = appText;
			sourceTree = "<group>";
		};
/* End PBXGroup section */

/* Begin PBXNativeTarget section */
		3897DB8E1DA89A6800C865C6 /* DrowRect-OC */ = {
			isa = PBXNativeTarget;
			buildConfigurationList = 3897DBA61DA89A6800C865C6 /* Build configuration list for PBXNativeTarget "DrowRect-OC" */;
			buildPhases = (
				3897DB8B1DA89A6800C865C6 /* Sources */,
				3897DB8C1DA89A6800C865C6 /* Frameworks */,
				3897DB8D1DA89A6800C865C6 /* Resources */,
				50B187D220749A3400109ABE /* Embed App Extensions */,
			);
			buildRules = (
			);
			dependencies = (
			);
			name = "DrowRect-OC";
			productName = "DrowRect-OC";
			productReference = 3897DB8F1DA89A6800C865C6 /* DrowRect-OC.app */;
			productType = "com.apple.product-type.application";
		};
/* End PBXNativeTarget section */

/* Begin PBXProject section */
		3897DB871DA89A6800C865C6 /* Project object */ = {
			isa = PBXProject;
			attributes = {
				LastUpgradeCheck = 0920;
				ORGANIZATIONNAME = Fans;
				TargetAttributes = {
					3897DB8E1DA89A6800C865C6 = {
						CreatedOnToolsVersion = 8.0;
						ProvisioningStyle = Manual;
					};
					50B187D42074A4D600109ABE = {
						CreatedOnToolsVersion = 9.2;
						ProvisioningStyle = Automatic;
					};
				};
			};
			buildConfigurationList = 3897DB8A1DA89A6800C865C6 /* Build configuration list for PBXProject "DrowRect-OC" */;
			compatibilityVersion = "Xcode 3.2";
			developmentRegion = English;
			hasScannedForEncodings = 0;
			knownRegions = (
				en,
				Base,
			);
			mainGroup = 3897DB861DA89A6800C865C6;
			productRefGroup = 3897DB901DA89A6800C865C6 /* Products */;
			projectDirPath = "";
			projectRoot = "";
			targets = (
				3897DB8E1DA89A6800C865C6 /* DrowRect-OC */,
				50B187D42074A4D600109ABE /* docText */,
			);
		};
/* End PBXProject section */

/* Begin PBXResourcesBuildPhase section */
		3897DB8D1DA89A6800C865C6 /* Resources */ = {
			isa = PBXResourcesBuildPhase;
			buildActionMask = 2147483647;
			files = (
				3897DBA21DA89A6800C865C6 /* LaunchScreen.storyboard in Resources */,
				3897DB9F1DA89A6800C865C6 /* Assets.xcassets in Resources */,
				3897DB9D1DA89A6800C865C6 /* Main.storyboard in Resources */,
			);
			runOnlyForDeploymentPostprocessing = 0;
		};
/* End PBXResourcesBuildPhase section */

/* Begin PBXShellScriptBuildPhase section */
		50B187D82074A4DD00109ABE /* ShellScript */ = {
			isa = PBXShellScriptBuildPhase;
			buildActionMask = 2147483647;
			files = (
			);
			inputPaths = (
			);
			outputPaths = (
			);
			runOnlyForDeploymentPostprocessing = 0;
			shellPath = /bin/sh;
			shellScript = "#appledoc Xcode script\n# Start constants\ncompany=\"abc\";\ncompanyID=\"com.abc\";\ncompanyURL=\"http://abc.com\";\ntarget=\"iphoneos\";\n#target=\"macosx\";\noutputPath=\"~/doc\";#输出地址\n# End constants\n/usr/local/bin/appledoc \\\n--project-name \"${PROJECT_NAME}\" \\\n--project-company \"${company}\" \\\n--company-id \"${companyID}\" \\\n--docset-atom-filename \"${company}.atom\" \\\n--docset-feed-url \"${companyURL}/${company}/%DOCSETATOMFILENAME\" \\\n--docset-package-url \"${companyURL}/${company}/%DOCSETPACKAGEFILENAME\" \\\n--docset-fallback-url \"${companyURL}/${company}\" \\\n--output \"${outputPath}\" \\\n--publish-docset \\\n--docset-platform-family \"${target}\" \\\n--logformat xcode \\\n--keep-intermediate-files \\\n--no-repeat-first-par \\\n--no-warn-invalid-crossref \\\n--exit-threshold 2 \\\n\"${PROJECT_DIR}\"";
		};
/* End PBXShellScriptBuildPhase section */

/* Begin PBXSourcesBuildPhase section */
		3897DB8B1DA89A6800C865C6 /* Sources */ = {
			isa = PBXSourcesBuildPhase;
			buildActionMask = 2147483647;
			files = (
				3897DB9A1DA89A6800C865C6 /* ViewController.m in Sources */,
				3897DBAB1DA89AA700C865C6 /* PieView.m in Sources */,
				3897DB971DA89A6800C865C6 /* AppDelegate.m in Sources */,
				3897DB941DA89A6800C865C6 /* main.m in Sources */,
			);
			runOnlyForDeploymentPostprocessing = 0;
		};
/* End PBXSourcesBuildPhase section */

/* Begin PBXVariantGroup section */
		3897DB9B1DA89A6800C865C6 /* Main.storyboard */ = {
			isa = PBXVariantGroup;
			children = (
				3897DB9C1DA89A6800C865C6 /* Base */,
			);
			name = Main.storyboard;
			sourceTree = "<group>";
		};
		3897DBA01DA89A6800C865C6 /* LaunchScreen.storyboard */ = {
			isa = PBXVariantGroup;
			children = (
				3897DBA11DA89A6800C865C6 /* Base */,
			);
			name = LaunchScreen.storyboard;
			sourceTree = "<group>";
		};
		50B187C820749A3400109ABE /* MainInterface.storyboard */ = {
			isa = PBXVariantGroup;
			children = (
				50B187C920749A3400109ABE /* Base */,
			);
			name = MainInterface.storyboard;
			sourceTree = "<group>";
		};
/* End PBXVariantGroup section */

/* Begin XCBuildConfiguration section */
		3897DBA41DA89A6800C865C6 /* Debug */ = {
			isa = XCBuildConfiguration;
			buildSettings = {
				ALWAYS_SEARCH_USER_PATHS = NO;
				CLANG_ANALYZER_NONNULL = YES;
				CLANG_CXX_LANGUAGE_STANDARD = "gnu++0x";
				CLANG_CXX_LIBRARY = "libc++";
				CLANG_ENABLE_MODULES = YES;
				CLANG_ENABLE_OBJC_ARC = YES;
				CLANG_WARN_BLOCK_CAPTURE_AUTORELEASING = YES;
				CLANG_WARN_BOOL_CONVERSION = YES;
				CLANG_WARN_COMMA = YES;
				CLANG_WARN_CONSTANT_CONVERSION = YES;
				CLANG_WARN_DIRECT_OBJC_ISA_USAGE = YES_ERROR;
				CLANG_WARN_DOCUMENTATION_COMMENTS = YES;
				CLANG_WARN_EMPTY_BODY = YES;
				CLANG_WARN_ENUM_CONVERSION = YES;
				CLANG_WARN_INFINITE_RECURSION = YES;
				CLANG_WARN_INT_CONVERSION = YES;
				CLANG_WARN_NON_LITERAL_NULL_CONVERSION = YES;
				CLANG_WARN_OBJC_LITERAL_CONVERSION = YES;
				CLANG_WARN_OBJC_ROOT_CLASS = YES_ERROR;
				CLANG_WARN_RANGE_LOOP_ANALYSIS = YES;
				CLANG_WARN_STRICT_PROTOTYPES = YES;
				CLANG_WARN_SUSPICIOUS_MOVE = YES;
				CLANG_WARN_SUSPICIOUS_MOVES = YES;
				CLANG_WARN_UNREACHABLE_CODE = YES;
				CLANG_WARN__DUPLICATE_METHOD_MATCH = YES;
				"CODE_SIGN_IDENTITY[sdk=iphoneos*]" = "iPhone Developer";
				COPY_PHASE_STRIP = NO;
				DEBUG_INFORMATION_FORMAT = dwarf;
				ENABLE_STRICT_OBJC_MSGSEND = YES;
				ENABLE_TESTABILITY = YES;
				GCC_C_LANGUAGE_STANDARD = gnu99;
				GCC_DYNAMIC_NO_PIC = NO;
				GCC_NO_COMMON_BLOCKS = YES;
				GCC_OPTIMIZATION_LEVEL = 0;
				GCC_PREPROCESSOR_DEFINITIONS = (
					"DEBUG=1",
					"$(inherited)",
				);
				GCC_WARN_64_TO_32_BIT_CONVERSION = YES;
				GCC_WARN_ABOUT_RETURN_TYPE = YES_ERROR;
				GCC_WARN_UNDECLARED_SELECTOR = YES;
				GCC_WARN_UNINITIALIZED_AUTOS = YES_AGGRESSIVE;
				GCC_WARN_UNUSED_FUNCTION = YES;
				GCC_WARN_UNUSED_VARIABLE = YES;
				IPHONEOS_DEPLOYMENT_TARGET = 8.0;
				MTL_ENABLE_DEBUG_INFO = YES;
				ONLY_ACTIVE_ARCH = YES;
				SDKROOT = iphoneos;
				TARGETED_DEVICE_FAMILY = "1,2";
			};
			name = Debug;
		};
		3897DBA51DA89A6800C865C6 /* Release */ = {
			isa = XCBuildConfiguration;
			buildSettings = {
				ALWAYS_SEARCH_USER_PATHS = NO;
				CLANG_ANALYZER_NONNULL = YES;
				CLANG_CXX_LANGUAGE_STANDARD = "gnu++0x";
				CLANG_CXX_LIBRARY = "libc++";
				CLANG_ENABLE_MODULES = YES;
				CLANG_ENABLE_OBJC_ARC = YES;
				CLANG_WARN_BLOCK_CAPTURE_AUTORELEASING = YES;
				CLANG_WARN_BOOL_CONVERSION = YES;
				CLANG_WARN_COMMA = YES;
				CLANG_WARN_CONSTANT_CONVERSION = YES;
				CLANG_WARN_DIRECT_OBJC_ISA_USAGE = YES_ERROR;
				CLANG_WARN_DOCUMENTATION_COMMENTS = YES;
				CLANG_WARN_EMPTY_BODY = YES;
				CLANG_WARN_ENUM_CONVERSION = YES;
				CLANG_WARN_INFINITE_RECURSION = YES;
				CLANG_WARN_INT_CONVERSION = YES;
				CLANG_WARN_NON_LITERAL_NULL_CONVERSION = YES;
				CLANG_WARN_OBJC_LITERAL_CONVERSION = YES;
				CLANG_WARN_OBJC_ROOT_CLASS = YES_ERROR;
				CLANG_WARN_RANGE_LOOP_ANALYSIS = YES;
				CLANG_WARN_STRICT_PROTOTYPES = YES;
				CLANG_WARN_SUSPICIOUS_MOVE = YES;
				CLANG_WARN_SUSPICIOUS_MOVES = YES;
				CLANG_WARN_UNREACHABLE_CODE = YES;
				CLANG_WARN__DUPLICATE_METHOD_MATCH = YES;
				"CODE_SIGN_IDENTITY[sdk=iphoneos*]" = "iPhone Developer";
				COPY_PHASE_STRIP = NO;
				DEBUG_INFORMATION_FORMAT = "dwarf-with-dsym";
				ENABLE_NS_ASSERTIONS = NO;
				ENABLE_STRICT_OBJC_MSGSEND = YES;
				GCC_C_LANGUAGE_STANDARD = gnu99;
				GCC_NO_COMMON_BLOCKS = YES;
				GCC_WARN_64_TO_32_BIT_CONVERSION = YES;
				GCC_WARN_ABOUT_RETURN_TYPE = YES_ERROR;
				GCC_WARN_UNDECLARED_SELECTOR = YES;
				GCC_WARN_UNINITIALIZED_AUTOS = YES_AGGRESSIVE;
				GCC_WARN_UNUSED_FUNCTION = YES;
				GCC_WARN_UNUSED_VARIABLE = YES;
				IPHONEOS_DEPLOYMENT_TARGET = 8.0;
				MTL_ENABLE_DEBUG_INFO = NO;
				SDKROOT = iphoneos;
				TARGETED_DEVICE_FAMILY = "1,2";
				VALIDATE_PRODUCT = YES;
			};
			name = Release;
		};
		3897DBA71DA89A6800C865C6 /* Debug */ = {
			isa = XCBuildConfiguration;
			buildSettings = {
				ASSETCATALOG_COMPILER_APPICON_NAME = AppIcon;
				CODE_SIGN_IDENTITY = "iPhone Developer";
				CODE_SIGN_STYLE = Manual;
				DEVELOPMENT_TEAM = "";
				INFOPLIST_FILE = "DrowRect-OC/Info.plist";
				LD_RUNPATH_SEARCH_PATHS = "$(inherited) @executable_path/Frameworks";
				PRODUCT_BUNDLE_IDENTIFIER = "fans.DrowRect-OC";
				PRODUCT_NAME = "$(TARGET_NAME)";
				PROVISIONING_PROFILE_SPECIFIER = "";
			};
			name = Debug;
		};
		3897DBA81DA89A6800C865C6 /* Release */ = {
			isa = XCBuildConfiguration;
			buildSettings = {
				ASSETCATALOG_COMPILER_APPICON_NAME = AppIcon;
				CODE_SIGN_IDENTITY = "iPhone Developer";
				CODE_SIGN_STYLE = Manual;
				DEVELOPMENT_TEAM = "";
				INFOPLIST_FILE = "DrowRect-OC/Info.plist";
				LD_RUNPATH_SEARCH_PATHS = "$(inherited) @executable_path/Frameworks";
				PRODUCT_BUNDLE_IDENTIFIER = "fans.DrowRect-OC";
				PRODUCT_NAME = "$(TARGET_NAME)";
				PROVISIONING_PROFILE_SPECIFIER = "";
			};
			name = Release;
		};
		50B187D62074A4D600109ABE /* Debug */ = {
			isa = XCBuildConfiguration;
			buildSettings = {
				CODE_SIGN_STYLE = Automatic;
				PRODUCT_NAME = "$(TARGET_NAME)";
			};
			name = Debug;
		};
		50B187D72074A4D600109ABE /* Release */ = {
			isa = XCBuildConfiguration;
			buildSettings = {
				CODE_SIGN_STYLE = Automatic;
				PRODUCT_NAME = "$(TARGET_NAME)";
			};
			name = Release;
		};
/* End XCBuildConfiguration section */

/* Begin XCConfigurationList section */
		3897DB8A1DA89A6800C865C6 /* Build configuration list for PBXProject "DrowRect-OC" */ = {
			isa = XCConfigurationList;
			buildConfigurations = (
				3897DBA41DA89A6800C865C6 /* Debug */,
				3897DBA51DA89A6800C865C6 /* Release */,
			);
			defaultConfigurationIsVisible = 0;
			defaultConfigurationName = Release;
		};
		3897DBA61DA89A6800C865C6 /* Build configuration list for PBXNativeTarget "DrowRect-OC" */ = {
			isa = XCConfigurationList;
			buildConfigurations = (
				3897DBA71DA89A6800C865C6 /* Debug */,
				3897DBA81DA89A6800C865C6 /* Release */,
			);
			defaultConfigurationIsVisible = 0;
			defaultConfigurationName = Release;
		};
		50B187D52074A4D600109ABE /* Build configuration list for PBXAggregateTarget "docText" */ = {
			isa = XCConfigurationList;
			buildConfigurations = (
				50B187D62074A4D600109ABE /* Debug */,
				50B187D72074A4D600109ABE /* Release */,
			);
			defaultConfigurationIsVisible = 0;
			defaultConfigurationName = Release;
		};
/* End XCConfigurationList section */
	};
	rootObject = 3897DB871DA89A6800C865C6 /* Project object */;
}
